
Microsoft Visual Studio Solution File, Format Version 12.00
# Visual Studio Version 16
VisualStudioVersion = 16.0.30413.136
MinimumVisualStudioVersion = 10.0.40219.1
Project("{FAE04EC0-301F-11D3-BF4B-00C04F79EFBC}") = "DataWebappTutorial", "DataWebappTutorial\DataWebappTutorial.csproj", "{7E5A6257-B083-4E05-AC9F-BCE41CB5F712}"
EndProject
Project("{FAE04EC0-301F-11D3-BF4B-00C04F79EFBC}") = "DataLibrary", "DataLibrary\DataLibrary.csproj", "{C75054FB-B54B-4152-97B2-F7742F323EAE}"
EndProject
Project("{00D1A9C2-B5F0-4AF3-8072-F6C62B433612}") = "DemoDB", "DemoDB\DemoDB.sqlproj", "{2B2B3DAD-1117-4A5B-B92F-FE1ADA07766D}"
EndProject
Global
	GlobalSection(SolutionConfigurationPlatforms) = preSolution
		Debug|Any CPU = Debug|Any CPU
		Release|Any CPU = Release|Any CPU
	EndGlobalSection
	GlobalSection(ProjectConfigurationPlatforms) = postSolution
		{7E5A6257-B083-4E05-AC9F-BCE41CB5F712}.Debug|Any CPU.ActiveCfg = Debug|Any CPU
		{7E5A6257-B083-4E05-AC9F-BCE41CB5F712}.Debug|Any CPU.Build.0 = Debug|Any CPU
		{7E5A6257-B083-4E05-AC9F-BCE41CB5F712}.Release|Any CPU.ActiveCfg = Release|Any CPU
		{7E5A6257-B083-4E05-AC9F-BCE41CB5F712}.Release|Any CPU.Build.0 = Release|Any CPU
		{C75054FB-B54B-4152-97B2-F7742F323EAE}.Debug|Any CPU.ActiveCfg = Debug|Any CPU
		{C75054FB-B54B-4152-97B2-F7742F323EAE}.Debug|Any CPU.Build.0 = Debug|Any CPU
		{C75054FB-B54B-4152-97B2-F7742F323EAE}.Release|Any CPU.ActiveCfg = Release|Any CPU
		{C75054FB-B54B-4152-97B2-F7742F323EAE}.Release|Any CPU.Build.0 = Release|Any CPU
		{2B2B3DAD-1117-4A5B-B92F-FE1ADA07766D}.Debug|Any CPU.ActiveCfg = Debug|Any CPU
		{2B2B3DAD-1117-4A5B-B92F-FE1ADA07766D}.Debug|Any CPU.Build.0 = Debug|Any CPU
		{2B2B3DAD-1117-4A5B-B92F-FE1ADA07766D}.Debug|Any CPU.Deploy.0 = Debug|Any CPU
		{2B2B3DAD-1117-4A5B-B92F-FE1ADA07766D}.Release|Any CPU.ActiveCfg = Release|Any CPU
		{2B2B3DAD-1117-4A5B-B92F-FE1ADA07766D}.Release|Any CPU.Build.0 = Release|Any CPU
		{2B2B3DAD-1117-4A5B-B92F-FE1ADA07766D}.Release|Any CPU.Deploy.0 = Release|Any CPU
	EndGlobalSection
	GlobalSection(SolutionProperties) = preSolution
		HideSolutionNode = FALSE
	EndGlobalSection
	GlobalSection(ExtensibilityGlobals) = postSolution
		SolutionGuid = {03615CE0-8666-41E9-9721-EECFD01D6FCE}
	EndGlobalSection
EndGlobal
